
Microsoft Visual Studio Solution File, Format Version 12.00
# Visual Studio 14
VisualStudioVersion = 14.0.25420.1
MinimumVisualStudioVersion = 10.0.40219.1
Project("{FAE04EC0-301F-11D3-BF4B-00C04F79EFBC}") = "ThreeSum", "ThreeSum\ThreeSum.csproj", "{2A35E371-1BBE-48F3-8D4C-3B80E9EC273B}"
EndProject
Project("{FAE04EC0-301F-11D3-BF4B-00C04F79EFBC}") = "ThreeSumTests", "ThreeSumTests\ThreeSumTests.csproj", "{330E847F-7280-44B5-8BD7-3AA09E18FF53}"
EndProject
Global
	GlobalSection(SolutionConfigurationPlatforms) = preSolution
		Debug|Any CPU = Debug|Any CPU
		Release|Any CPU = Release|Any CPU
	EndGlobalSection
	GlobalSection(ProjectConfigurationPlatforms) = postSolution
		{2A35E371-1BBE-48F3-8D4C-3B80E9EC273B}.Debug|Any CPU.ActiveCfg = Debug|Any CPU
		{2A35E371-1BBE-48F3-8D4C-3B80E9EC273B}.Debug|Any CPU.Build.0 = Debug|Any CPU
		{2A35E371-1BBE-48F3-8D4C-3B80E9EC273B}.Release|Any CPU.ActiveCfg = Release|Any CPU
		{2A35E371-1BBE-48F3-8D4C-3B80E9EC273B}.Release|Any CPU.Build.0 = Release|Any CPU
		{330E847F-7280-44B5-8BD7-3AA09E18FF53}.Debug|Any CPU.ActiveCfg = Debug|Any CPU
		{330E847F-7280-44B5-8BD7-3AA09E18FF53}.Debug|Any CPU.Build.0 = Debug|Any CPU
		{330E847F-7280-44B5-8BD7-3AA09E18FF53}.Release|Any CPU.ActiveCfg = Release|Any CPU
		{330E847F-7280-44B5-8BD7-3AA09E18FF53}.Release|Any CPU.Build.0 = Release|Any CPU
	EndGlobalSection
	GlobalSection(SolutionProperties) = preSolution
		HideSolutionNode = FALSE
	EndGlobalSection
EndGlobal
